{
    "_meta": {
        "hash": {
            "sha256": "5d75c70004150736bddc6510a4881a63d6b558c367def9bc25802295177045f3"
        },
        "pipfile-spec": 6,
        "requires": {
            "python_version": "3.6"
        },
        "sources": [
            {
                "name": "pypi",
                "url": "https://pypi.python.org/simple",
                "verify_ssl": true
            }
        ]
    },
    "default": {
        "certifi": {
            "hashes": [
                "sha256:e4f3620cfea4f83eedc95b24abd9cd56f3c4b146dd0177e83a21b4eb49e21e50",
                "sha256:fd7c7c74727ddcf00e9acd26bba8da604ffec95bf1c2144e67aff7a8b50e6cef"
            ],
            "version": "==2019.9.11"
        },
        "chardet": {
            "hashes": [
                "sha256:84ab92ed1c4d4f16916e05906b6b75a6c0fb5db821cc65e70cbd64a3e2a5eaae",
                "sha256:fc323ffcaeaed0e0a02bf4d117757b98aed530d9ed4531e3e15460124c106691"
            ],
            "version": "==3.0.4"
        },
        "defusedxml": {
            "hashes": [
                "sha256:6687150770438374ab581bb7a1b327a847dd9c5749e396102de3fad4e8a3ef93",
                "sha256:f684034d135af4c6cbb949b8a4d2ed61634515257a67299e5f940fbaa34377f5"
            ],
            "version": "==0.6.0"
        },
        "dj-database-url": {
            "hashes": [
                "sha256:4aeaeb1f573c74835b0686a2b46b85990571159ffc21aa57ecd4d1e1cb334163",
                "sha256:851785365761ebe4994a921b433062309eb882fedd318e1b0fcecc607ed02da9"
            ],
            "index": "pypi",
            "version": "==0.5.0"
        },
        "django": {
            "hashes": [
                "sha256:2d8b9eed8815f172a8e898678ae4289a5e9176bc08295676eff4228dd638ea61",
                "sha256:d81a1652963c81488e709729a80b510394050e312f386037f26b54912a3a10d0"
            ],
            "index": "pypi",
            "version": "==2.0.4"
        },
        "django-allauth": {
            "hashes": [
                "sha256:7b31526cccd1c46f9f09acf0703068e8a9669337d29eb065f7e8143c2d897339"
            ],
            "index": "pypi",
            "version": "==0.35.0"
        },
        "django-appconf": {
            "hashes": [
                "sha256:35f13ca4d567f132b960e2cd4c832c2d03cb6543452d34e29b7ba10371ba80e3",
                "sha256:c98a7af40062e996b921f5962a1c4f3f0c979fa7885f7be4710cceb90ebe13a6"
            ],
            "version": "==1.0.3"
        },
        "django-compressor": {
            "hashes": [
                "sha256:7732676cfb9d58498dfb522b036f75f3f253f72ea1345ac036434fdc418c2e57",
                "sha256:9616570e5b08e92fa9eadc7a1b1b49639cce07ef392fc27c74230ab08075b30f"
            ],
            "index": "pypi",
            "version": "==2.2"
        },
        "django-configurations": {
            "hashes": [
                "sha256:b4a4eb3ed631c2abbeb7008b5cc5d8d04b190df838e7b613731d728f674f3a2f",
                "sha256:be47e25d070fd005cc8fbd6c913c9ec37e83d04686937afe18ca6c579b2cdedb"
            ],
            "index": "pypi",
            "version": "==2.0"
        },
        "django-libsass": {
            "hashes": [
                "sha256:49db3334b87e1f7955c4f9fb9945bc296f8bfd27a14d6d89706e4b0e5dc5de1c"
            ],
            "index": "pypi",
            "version": "==0.7"
        },
        "django-model-utils": {
            "hashes": [
                "sha256:4356fad5f6fc9910da865fbf9371f9c2e028606dff2bbd8e32e67569260e530d",
                "sha256:a9baa7de943b4e8afa61728ce8c42ce99e88cc87d40e74df2b060a78d22c0f5c"
            ],
            "index": "pypi",
            "version": "==3.1.1"
        },
        "idna": {
            "hashes": [
                "sha256:c357b3f628cf53ae2c4c05627ecc484553142ca23264e593d327bcde5e9c3407",
                "sha256:ea8b7f6188e6fa117537c3df7da9fc686d485087abf6ac197f9c46432f7e4a3c"
            ],
            "version": "==2.8"
        },
        "libsass": {
            "hashes": [
                "sha256:175355d74bd040893d539154016153247ea9775d1655a36441c97a453887a0c0",
                "sha256:3113ef32eaf3662c162c250db6883d7a5f177856bfd8bb632a147cb0a95e4fee",
                "sha256:312d135e6bd1a137927fed781dab497c05930305265e3d3b1da3b3d916cd97a6",
                "sha256:32f8322aad9b6b864b826adb5e193d704d5fb2c816f85a5cc5bf775730e5d024",
                "sha256:4252e24c8869d6ce764052f200445331d1881b5c2d283d6131a30d0684b10403",
                "sha256:517324814f81cd2642cb1e9fd772e8e50e336c7c8833d50535a731e5b4c84606",
                "sha256:607ce32c3b31542e0bf1bc2409627dd7247a3849ba720ec34d23426b96346199",
                "sha256:6124594e72ba216b00131795ad5ea5de1e0cf8784e63a01e0c6a4e4c13fc7914",
                "sha256:6129063002fc8337b734f5963ac3eb01ead51e9c88c6d27e73ddc9236cb15b2e",
                "sha256:6d392ecd6e4de2ccfa3b1953f2da8461a2b7c8c8c17c24e1c335ab3040671c1a",
                "sha256:75b38c236be6ca03e3dd3789f3044180fc0836b7c9e4991fcc52a8570f47dc91",
                "sha256:9c711d4e4d003fec7f98fe87bb1faf7d88e6d648356413d8b8d9d76bd1844089",
                "sha256:b15a0e61bd54764e658bc6931015453fa34d954f87c3b6fd35624e13bcacf69d",
                "sha256:bc0c80a4e233b6b791a7f6f99415ab877e8a4d3a45085b68981c97d74dbfc8bf",
                "sha256:c22cdc37121b730e5fb87bc8d3eee8c4b1fe219a04d198a535fbd22895c99e27",
                "sha256:c5ba74babfb3a6976611312e0026c4668913cdf05e009921e1f54146ccdc02a4"
            ],
            "version": "==0.19.3"
        },
        "mysqlclient": {
            "hashes": [
                "sha256:1e85e48b167e2af3bb08f273fdbd1ad6401cbe75057fa6513f97387dc7b282dc",
                "sha256:2d9ec33de39f4d9c64ad7322ede0521d85829ce36a76f9dd3d6ab76a9c8648e5",
                "sha256:371df79d000af56b4e540b7ce2120d1c9afb04b751bfce25a1eb609c50fd10ff",
                "sha256:b3b1a7e4468180afb79289b54069d9499242946a4cedf3928cbf6b2a13800016",
                "sha256:d56e379c03efad746e84705cbb97401f60d1f98b05e11a27f2d9c2d043936974"
            ],
            "index": "pypi",
            "version": "==1.3.12"
        },
        "oauthlib": {
            "hashes": [
                "sha256:bee41cc35fcca6e988463cacc3bcb8a96224f470ca547e697b604cc697b2f889",
                "sha256:df884cd6cbe20e32633f1db1072e9356f53638e4361bef4e8b03c9127c9328ea"
            ],
            "version": "==3.1.0"
        },
        "psycopg2": {
            "hashes": [
                "sha256:027ae518d0e3b8fff41990e598bc7774c3d08a3a20e9ecc0b59fb2aaaf152f7f",
                "sha256:092a80da1b052a181b6e6c765849c9b32d46c5dac3b81bf8c9b83e697f3cdbe8",
                "sha256:0b9851e798bae024ed1a2a6377a8dab4b8a128a56ed406f572f9f06194e4b275",
                "sha256:179c52eb870110a8c1b460c86d4f696d58510ea025602cd3f81453746fccb94f",
                "sha256:19983b77ec1fc2a210092aa0333ee48811fd9fb5f194c6cd5b927ed409aea5f8",
                "sha256:1d90379d01d0dc50ae9b40c863933d87ff82d51dd7d52cea5d1cb7019afd72cd",
                "sha256:27467fd5af1dcc0a82d72927113b8f92da8f44b2efbdb8906bd76face95b596d",
                "sha256:32702e3bd8bfe12b36226ba9846ed9e22336fc4bd710039d594b36bd432ae255",
                "sha256:33f9e1032095e1436fa9ec424abcbd4c170da934fb70e391c5d78275d0307c75",
                "sha256:36030ca7f4b4519ee4f52a74edc4ec73c75abfb6ea1d80ac7480953d1c0aa3c3",
                "sha256:363fbbf4189722fc46779be1fad2597e2c40b3f577dc618f353a46391cf5d235",
                "sha256:6f302c486132f8dd11f143e919e236ea4467d53bf18c451cac577e6988ecbd05",
                "sha256:733166464598c239323142c071fa4c9b91c14359176e5ae7e202db6bcc1d2eb5",
                "sha256:7cbc3b21ce2f681ca9ad2d8c0901090b23a30c955e980ebf1006d41f37068a95",
                "sha256:888bba7841116e529f407f15c6d28fe3ef0760df8c45257442ec2f14f161c871",
                "sha256:8966829cb0d21a08a3c5ac971a2eb67c3927ae27c247300a8476554cc0ce2ae8",
                "sha256:8bf51191d60f6987482ef0cfe8511bbf4877a5aa7f313d7b488b53189cf26209",
                "sha256:8eb94c0625c529215b53c08fb4e461546e2f3fc96a49c13d5474b5ad7aeab6cf",
                "sha256:8ebba5314c609a05c6955e5773c7e0e57b8dd817e4f751f30de729be58fa5e78",
                "sha256:932a4c101af007cb3132b1f8a9ffef23386acc53dad46536dc5ba43a3235ae02",
                "sha256:ad75fe10bea19ad2188c5cb5fc4cdf53ee808d9b44578c94a3cd1e9fc2beb656",
                "sha256:aeaba399254ca79c299d9fe6aa811d3c3eac61458dee10270de7f4e71c624998",
                "sha256:b178e0923c93393e16646155794521e063ec17b7cc9f943f15b7d4b39776ea2c",
                "sha256:b68e89bb086a9476fa85298caab43f92d0a6af135a5f433d1f6b6d82cafa7b55",
                "sha256:d74cf9234ba76426add5e123449be08993a9b13ff434c6efa3a07caa305a619f",
                "sha256:f3d3a88128f0c219bdc5b2d9ccd496517199660cea021c560a3252116df91cbd",
                "sha256:fe6a7f87356116f5ea840c65b032af17deef0e1a5c34013a2962dd6f99b860dd"
            ],
            "index": "pypi",
            "version": "==2.7.4"
        },
        "python-dotenv": {
            "hashes": [
                "sha256:4965ed170bf51c347a89820e8050655e9c25db3837db6602e906b6d850fad85c",
                "sha256:509736185257111613009974e666568a1b031b028b61b500ef1ab4ee780089d5"
            ],
            "index": "pypi",
            "version": "==0.8.2"
        },
        "python3-openid": {
            "hashes": [
                "sha256:0086da6b6ef3161cfe50fb1ee5cceaf2cda1700019fda03c2c5c440ca6abe4fa",
                "sha256:628d365d687e12da12d02c6691170f4451db28d6d68d050007e4a40065868502"
            ],
            "version": "==3.1.0"
        },
        "pytz": {
            "hashes": [
                "sha256:1c557d7d0e871de1f5ccd5833f60fb2550652da6be2693c1e02300743d21500d",
                "sha256:b02c06db6cf09c12dd25137e563b31700d3b80fcc4ad23abb7a315f2789819be"
            ],
            "version": "==2019.3"
        },
        "rcssmin": {
            "hashes": [
                "sha256:ca87b695d3d7864157773a61263e5abb96006e9ff0e021eff90cbe0e1ba18270"
            ],
            "version": "==1.0.6"
        },
        "requests": {
            "hashes": [
                "sha256:11e007a8a2aa0323f5a921e9e6a2d7e4e67d9877e85773fba9ba6419025cbeb4",
                "sha256:9cf5292fcd0f598c671cfc1e0d7d1a7f13bb8085e9a590f48c010551dc6c4b31"
            ],
            "version": "==2.22.0"
        },
        "requests-oauthlib": {
            "hashes": [
                "sha256:bd6533330e8748e94bf0b214775fed487d309b8b8fe823dc45641ebcd9a32f57",
                "sha256:d3ed0c8f2e3bbc6b344fa63d6f933745ab394469da38db16bdddb461c7e25140"
            ],
            "version": "==1.2.0"
        },
        "rjsmin": {
            "hashes": [
                "sha256:dd9591aa73500b08b7db24367f8d32c6470021f39d5ab4e50c7c02e4401386f1"
            ],
            "version": "==1.0.12"
        },
        "six": {
            "hashes": [
                "sha256:3350809f0555b11f552448330d0b52d5f24c91a322ea4a15ef22629740f3761c",
                "sha256:d16a0141ec1a18405cd4ce8b4613101da75da0e9a7aec5bdd4fa804d0e0eba73"
            ],
            "version": "==1.12.0"
        },
        "urllib3": {
            "hashes": [
                "sha256:4c291ca23bbb55c76518905869ef34bdd5f0e46af7afe6861e8375643ffee1a0",
                "sha256:9a247273df709c4fedb38c711e44292304f73f39ab01beda9f6b9fc375669ac3"
            ],
            "index": "pypi",
            "version": "==1.24.2"
        }
    },
    "develop": {
        "atomicwrites": {
            "hashes": [
                "sha256:03472c30eb2c5d1ba9227e4c2ca66ab8287fbfbbda3888aa93dc2e28fc6811b4",
                "sha256:75a9445bac02d8d058d5e1fe689654ba5a6556a1dfd8ce6ec55a0ed79866cfa6"
            ],
            "version": "==1.3.0"
        },
        "attrs": {
            "hashes": [
                "sha256:08a96c641c3a74e44eb59afb61a24f2cb9f4d7188748e76ba4bb5edfa3cb7d1c",
                "sha256:f7b7ce16570fe9965acd6d30101a28f62fb4a7f9e926b3bbc9b61f8b04247e72"
            ],
            "version": "==19.3.0"
        },
        "factory-boy": {
            "hashes": [
                "sha256:bd5a096d0f102d79b6c78cef1c8c0b650f2e1a3ecba351c735c6d2df8dabd29c",
                "sha256:be2abc8092294e4097935a29b4e37f5b9ed3e4205e2e32df215c0315b625995e"
            ],
            "index": "pypi",
            "version": "==2.10.0"
        },
        "faker": {
            "hashes": [
                "sha256:5902379d8df308a204fc11c4f621590ee83975805a6c7b2228203b9defa45250",
                "sha256:5e8c755c619f332d5ec28b7586389665f136bcf528e165eb925e87c06a63eda7"
            ],
            "version": "==2.0.3"
        },
        "importlib-metadata": {
            "hashes": [
                "sha256:aa18d7378b00b40847790e7c27e11673d7fed219354109d0e7b9e5b25dc3ad26",
                "sha256:d5f18a79777f3aa179c145737780282e27b508fc8fd688cb17c7a813e8bd39af"
            ],
            "markers": "python_version < '3.8'",
            "version": "==0.23"
        },
        "more-itertools": {
            "hashes": [
                "sha256:409cd48d4db7052af495b09dec721011634af3753ae1ef92d2b32f73a745f832",
                "sha256:92b8c4b06dac4f0611c0729b2f2ede52b2e1bac1ab48f089c7ddc12e26bb60c4"
            ],
            "version": "==7.2.0"
        },
        "packaging": {
            "hashes": [
                "sha256:28b924174df7a2fa32c1953825ff29c61e2f5e082343165438812f00d3a7fc47",
                "sha256:d9551545c6d761f3def1677baf08ab2a3ca17c56879e70fecba2fc4dde4ed108"
            ],
            "version": "==19.2"
        },
        "pluggy": {
            "hashes": [
                "sha256:0db4b7601aae1d35b4a033282da476845aa19185c1e6964b25cf324b5e4ec3e6",
                "sha256:fa5fa1622fa6dd5c030e9cad086fa19ef6a0cf6d7a2d12318e10cb49d6d68f34"
            ],
            "version": "==0.13.0"
        },
        "py": {
            "hashes": [
                "sha256:64f65755aee5b381cea27766a3a147c3f15b9b6b9ac88676de66ba2ae36793fa",
                "sha256:dc639b046a6e2cff5bbe40194ad65936d6ba360b52b3c3fe1d08a82dd50b5e53"
            ],
            "version": "==1.8.0"
        },
        "pyparsing": {
            "hashes": [
                "sha256:6f98a7b9397e206d78cc01df10131398f1c8b8510a2f4d97d9abd82e1aacdd80",
                "sha256:d9338df12903bbf5d65a0e4e87c2161968b10d2e489652bb47001d82a9b028b4"
            ],
            "version": "==2.4.2"
        },
        "pytest": {
            "hashes": [
                "sha256:7e4800063ccfc306a53c461442526c5571e1462f61583506ce97e4da6a1d88c8",
                "sha256:ca563435f4941d0cb34767301c27bc65c510cb82e90b9ecf9cb52dc2c63caaa0"
            ],
            "version": "==5.2.1"
        },
        "pytest-django": {
            "hashes": [
                "sha256:00995c2999b884a38ae9cd30a8c00ed32b3d38c1041250ea84caf18085589662",
                "sha256:038ccc5a9daa1b1b0eb739ab7dce54e495811eca5ea3af4815a2a3ac45152309"
            ],
            "index": "pypi",
            "version": "==3.1.2"
        },
        "python-dateutil": {
            "hashes": [
                "sha256:7e6584c74aeed623791615e26efd690f29817a27c73085b78e4bad02493df2fb",
                "sha256:c89805f6f4d64db21ed966fda138f8a5ed7a4fdbc1a8ee329ce1b74e3c74da9e"
            ],
            "version": "==2.8.0"
        },
        "six": {
            "hashes": [
                "sha256:3350809f0555b11f552448330d0b52d5f24c91a322ea4a15ef22629740f3761c",
                "sha256:d16a0141ec1a18405cd4ce8b4613101da75da0e9a7aec5bdd4fa804d0e0eba73"
            ],
            "version": "==1.12.0"
        },
        "text-unidecode": {
            "hashes": [
                "sha256:1311f10e8b895935241623731c2ba64f4c455287888b18189350b67134a822e8",
                "sha256:bad6603bb14d279193107714b288be206cac565dfa49aa5b105294dd5c4aab93"
            ],
            "version": "==1.3"
        },
        "wcwidth": {
            "hashes": [
                "sha256:3df37372226d6e63e1b1e1eda15c594bca98a22d33a23832a90998faa96bc65e",
                "sha256:f4ebe71925af7b40a864553f761ed559b43544f8f71746c2d756c7fe788ade7c"
            ],
            "version": "==0.1.7"
        },
        "zipp": {
            "hashes": [
                "sha256:3718b1cbcd963c7d4c5511a8240812904164b7f381b647143a89d3b98f9bcd8e",
                "sha256:f06903e9f1f43b12d371004b4ac7b06ab39a44adc747266928ae6debfa7b3335"
            ],
            "version": "==0.6.0"
        }
    }
}
